// !$*UTF8*$!
{
	archiveVersion = 1;
	classes = {
	};
	objectVersion = 46;
	objects = {

/* Begin PBXBuildFile section */
		70737E671A5B141100522810 /* main.m in Sources */ = {isa = PBXBuildFile; fileRef = 70737E661A5B141100522810 /* main.m */; };
		70737E6A1A5B141100522810 /* AppDelegate.m in Sources */ = {isa = PBXBuildFile; fileRef = 70737E691A5B141100522810 /* AppDelegate.m */; };
		70737E6D1A5B141100522810 /* ViewController.m in Sources */ = {isa = PBXBuildFile; fileRef = 70737E6C1A5B141100522810 /* ViewController.m */; };
		70737E701A5B141100522810 /* Main.storyboard in Resources */ = {isa = PBXBuildFile; fileRef = 70737E6E1A5B141100522810 /* Main.storyboard */; };
		70737E721A5B141100522810 /* Images.xcassets in Resources */ = {isa = PBXBuildFile; fileRef = 70737E711A5B141100522810 /* Images.xcassets */; };
		70737E751A5B141100522810 /* LaunchScreen.xib in Resources */ = {isa = PBXBuildFile; fileRef = 70737E731A5B141100522810 /* LaunchScreen.xib */; };
		70737E811A5B141100522810 /* BlahTests.m in Sources */ = {isa = PBXBuildFile; fileRef = 70737E801A5B141100522810 /* BlahTests.m */; };
/* End PBXBuildFile section */

/* Begin PBXContainerItemProxy section */
		70737E7B1A5B141100522810 /* PBXContainerItemProxy */ = {
			isa = PBXContainerItemProxy;
			containerPortal = 70737E591A5B141100522810 /* Project object */;
			proxyType = 1;
			remoteGlobalIDString = 70737E601A5B141100522810;
			remoteInfo = Blah;
		};
/* End PBXContainerItemProxy section */

/* Begin PBXFileReference section */
		70737E611A5B141100522810 /* Blah.app */ = {isa = PBXFileReference; explicitFileType = wrapper.application; includeInIndex = 0; path = Blah.app; sourceTree = BUILT_PRODUCTS_DIR; };
		70737E651A5B141100522810 /* Info.plist */ = {isa = PBXFileReference; lastKnownFileType = text.plist.xml; path = Info.plist; sourceTree = "<group>"; };
		70737E661A5B141100522810 /* main.m */ = {isa = PBXFileReference; lastKnownFileType = sourcecode.c.objc; path = main.m; sourceTree = "<group>"; };
		70737E681A5B141100522810 /* AppDelegate.h */ = {isa = PBXFileReference; lastKnownFileType = sourcecode.c.h; path = AppDelegate.h; sourceTree = "<group>"; };
		70737E691A5B141100522810 /* AppDelegate.m */ = {isa = PBXFileReference; lastKnownFileType = sourcecode.c.objc; path = AppDelegate.m; sourceTree = "<group>"; };
		70737E6B1A5B141100522810 /* ViewController.h */ = {isa = PBXFileReference; lastKnownFileType = sourcecode.c.h; path = ViewController.h; sourceTree = "<group>"; };
		70737E6C1A5B141100522810 /* ViewController.m */ = {isa = PBXFileReference; lastKnownFileType = sourcecode.c.objc; path = ViewController.m; sourceTree = "<group>"; };
		70737E6F1A5B141100522810 /* Base */ = {isa = PBXFileReference; lastKnownFileType = file.storyboard; name = Base; path = Base.lproj/Main.storyboard; sourceTree = "<group>"; };
		70737E711A5B141100522810 /* Images.xcassets */ = {isa = PBXFileReference; lastKnownFileType = folder.assetcatalog; path = Images.xcassets; sourceTree = "<group>"; };
		70737E741A5B141100522810 /* Base */ = {isa = PBXFileReference; lastKnownFileType = file.xib; name = Base; path = Base.lproj/LaunchScreen.xib; sourceTree = "<group>"; };
		70737E7A1A5B141100522810 /* BlahTests.xctest */ = {isa = PBXFileReference; explicitFileType = wrapper.cfbundle; includeInIndex = 0; path = BlahTests.xctest; sourceTree = BUILT_PRODUCTS_DIR; };
		70737E7F1A5B141100522810 /* Info.plist */ = {isa = PBXFileReference; lastKnownFileType = text.plist.xml; path = Info.plist; sourceTree = "<group>"; };
		70737E801A5B141100522810 /* BlahTests.m */ = {isa = PBXFileReference; lastKnownFileType = sourcecode.c.objc; path = BlahTests.m; sourceTree = "<group>"; };
/* End PBXFileReference section */

/* Begin PBXFrameworksBuildPhase section */
		70737E5E1A5B141100522810 /* Frameworks */ = {
			isa = PBXFrameworksBuildPhase;
			buildActionMask = 2147483647;
			files = (
			);
			runOnlyForDeploymentPostprocessing = 0;
		};
		70737E771A5B141100522810 /* Frameworks */ = {
			isa = PBXFrameworksBuildPhase;
			buildActionMask = 2147483647;
			files = (
			);
			runOnlyForDeploymentPostprocessing = 0;
		};
/* End PBXFrameworksBuildPhase section */

/* Begin PBXGroup section */
		70737E581A5B141100522810 = {
			isa = PBXGroup;
			children = (
				70737E631A5B141100522810 /* Blah */,
				70737E7D1A5B141100522810 /* BlahTests */,
				70737E621A5B141100522810 /* Products */,
			);
			sourceTree = "<group>";
		};
		70737E621A5B141100522810 /* Products */ = {
			isa = PBXGroup;
			children = (
				70737E611A5B141100522810 /* Blah.app */,
				70737E7A1A5B141100522810 /* BlahTests.xctest */,
			);
			name = Products;
			sourceTree = "<group>";
		};
		70737E631A5B141100522810 /* Blah */ = {
			isa = PBXGroup;
			children = (
				70737E681A5B141100522810 /* AppDelegate.h */,
				70737E691A5B141100522810 /* AppDelegate.m */,
				70737E6B1A5B141100522810 /* ViewController.h */,
				70737E6C1A5B141100522810 /* ViewController.m */,
				70737E6E1A5B141100522810 /* Main.storyboard */,
				70737E711A5B141100522810 /* Images.xcassets */,
				70737E731A5B141100522810 /* LaunchScreen.xib */,
				70737E641A5B141100522810 /* Supporting Files */,
			);
			path = Blah;
			sourceTree = "<group>";
		};
		70737E641A5B141100522810 /* Supporting Files */ = {
			isa = PBXGroup;
			children = (
				70737E651A5B141100522810 /* Info.plist */,
				70737E661A5B141100522810 /* main.m */,
			);
			name = "Supporting Files";
			sourceTree = "<group>";
		};
		70737E7D1A5B141100522810 /* BlahTests */ = {
			isa = PBXGroup;
			children = (
				70737E801A5B141100522810 /* BlahTests.m */,
				70737E7E1A5B141100522810 /* Supporting Files */,
			);
			path = BlahTests;
			sourceTree = "<group>";
		};
		70737E7E1A5B141100522810 /* Supporting Files */ = {
			isa = PBXGroup;
			children = (
				70737E7F1A5B141100522810 /* Info.plist */,
			);
			name = "Supporting Files";
			sourceTree = "<group>";
		};
/* End PBXGroup section */

/* Begin PBXNativeTarget section */
		70737E601A5B141100522810 /* Blah */ = {
			isa = PBXNativeTarget;
			buildConfigurationList = 70737E841A5B141100522810 /* Build configuration list for PBXNativeTarget "Blah" */;
			buildPhases = (
				70737E5D1A5B141100522810 /* Sources */,
				70737E5E1A5B141100522810 /* Frameworks */,
				70737E5F1A5B141100522810 /* Resources */,
			);
			buildRules = (
			);
			dependencies = (
			);
			name = Blah;
			productName = Blah;
			productReference = 70737E611A5B141100522810 /* Blah.app */;
			productType = "com.apple.product-type.application";
		};
		70737E791A5B141100522810 /* BlahTests */ = {
			isa = PBXNativeTarget;
			buildConfigurationList = 70737E871A5B141100522810 /* Build configuration list for PBXNativeTarget "BlahTests" */;
			buildPhases = (
				70737E761A5B141100522810 /* Sources */,
				70737E771A5B141100522810 /* Frameworks */,
				70737E781A5B141100522810 /* Resources */,
			);
			buildRules = (
			);
			dependencies = (
				70737E7C1A5B141100522810 /* PBXTargetDependency */,
			);
			name = BlahTests;
			productName = BlahTests;
			productReference = 70737E7A1A5B141100522810 /* BlahTests.xctest */;
			productType = "com.apple.product-type.bundle.unit-test";
		};
/* End PBXNativeTarget section */

/* Begin PBXProject section */
		70737E591A5B141100522810 /* Project object */ = {
			isa = PBXProject;
			attributes = {
				LastUpgradeCheck = 0610;
				ORGANIZATIONNAME = "Jeanie House";
				TargetAttributes = {
					70737E601A5B141100522810 = {
						CreatedOnToolsVersion = 6.1.1;
					};
					70737E791A5B141100522810 = {
						CreatedOnToolsVersion = 6.1.1;
						TestTargetID = 70737E601A5B141100522810;
					};
				};
			};
			buildConfigurationList = 70737E5C1A5B141100522810 /* Build configuration list for PBXProject "Blah" */;
			compatibilityVersion = "Xcode 3.2";
			developmentRegion = English;
			hasScannedForEncodings = 0;
			knownRegions = (
				en,
				Base,
			);
			mainGroup = 70737E581A5B141100522810;
			productRefGroup = 70737E621A5B141100522810 /* Products */;
			projectDirPath = "";
			projectRoot = "";
			targets = (
				70737E601A5B141100522810 /* Blah */,
				70737E791A5B141100522810 /* BlahTests */,
			);
		};
/* End PBXProject section */

/* Begin PBXResourcesBuildPhase section */
		70737E5F1A5B141100522810 /* Resources */ = {
			isa = PBXResourcesBuildPhase;
			buildActionMask = 2147483647;
			files = (
				70737E701A5B141100522810 /* Main.storyboard in Resources */,
				70737E751A5B141100522810 /* LaunchScreen.xib in Resources */,
				70737E721A5B141100522810 /* Images.xcassets in Resources */,
			);
			runOnlyForDeploymentPostprocessing = 0;
		};
		70737E781A5B141100522810 /* Resources */ = {
			isa = PBXResourcesBuildPhase;
			buildActionMask = 2147483647;
			files = (
			);
			runOnlyForDeploymentPostprocessing = 0;
		};
/* End PBXResourcesBuildPhase section */

/* Begin PBXSourcesBuildPhase section */
		70737E5D1A5B141100522810 /* Sources */ = {
			isa = PBXSourcesBuildPhase;
			buildActionMask = 2147483647;
			files = (
				70737E6D1A5B141100522810 /* ViewController.m in Sources */,
				70737E6A1A5B141100522810 /* AppDelegate.m in Sources */,
				70737E671A5B141100522810 /* main.m in Sources */,
			);
			runOnlyForDeploymentPostprocessing = 0;
		};
		70737E761A5B141100522810 /* Sources */ = {
			isa = PBXSourcesBuildPhase;
			buildActionMask = 2147483647;
			files = (
				70737E811A5B141100522810 /* BlahTests.m in Sources */,
			);
			runOnlyForDeploymentPostprocessing = 0;
		};
/* End PBXSourcesBuildPhase section */

/* Begin PBXTargetDependency section */
		70737E7C1A5B141100522810 /* PBXTargetDependency */ = {
			isa = PBXTargetDependency;
			target = 70737E601A5B141100522810 /* Blah */;
			targetProxy = 70737E7B1A5B141100522810 /* PBXContainerItemProxy */;
		};
/* End PBXTargetDependency section */

/* Begin PBXVariantGroup section */
		70737E6E1A5B141100522810 /* Main.storyboard */ = {
			isa = PBXVariantGroup;
			children = (
				70737E6F1A5B141100522810 /* Base */,
			);
			name = Main.storyboard;
			sourceTree = "<group>";
		};
		70737E731A5B141100522810 /* LaunchScreen.xib */ = {
			isa = PBXVariantGroup;
			children = (
				70737E741A5B141100522810 /* Base */,
			);
			name = LaunchScreen.xib;
			sourceTree = "<group>";
		};
/* End PBXVariantGroup section */

/* Begin XCBuildConfiguration section */
		70737E821A5B141100522810 /* Debug */ = {
			isa = XCBuildConfiguration;
			buildSettings = {
				ALWAYS_SEARCH_USER_PATHS = NO;
				CLANG_CXX_LANGUAGE_STANDARD = "gnu++0x";
				CLANG_CXX_LIBRARY = "libc++";
				CLANG_ENABLE_MODULES = YES;
				CLANG_ENABLE_OBJC_ARC = YES;
				CLANG_WARN_BOOL_CONVERSION = YES;
				CLANG_WARN_CONSTANT_CONVERSION = YES;
				CLANG_WARN_DIRECT_OBJC_ISA_USAGE = YES_ERROR;
				CLANG_WARN_EMPTY_BODY = YES;
				CLANG_WARN_ENUM_CONVERSION = YES;
				CLANG_WARN_INT_CONVERSION = YES;
				CLANG_WARN_OBJC_ROOT_CLASS = YES_ERROR;
				CLANG_WARN_UNREACHABLE_CODE = YES;
				CLANG_WARN__DUPLICATE_METHOD_MATCH = YES;
				"CODE_SIGN_IDENTITY[sdk=iphoneos*]" = "iPhone Developer";
				COPY_PHASE_STRIP = NO;
				ENABLE_STRICT_OBJC_MSGSEND = YES;
				GCC_C_LANGUAGE_STANDARD = gnu99;
				GCC_DYNAMIC_NO_PIC = NO;
				GCC_OPTIMIZATION_LEVEL = 0;
				GCC_PREPROCESSOR_DEFINITIONS = (
					"DEBUG=1",
					"$(inherited)",
				);
				GCC_SYMBOLS_PRIVATE_EXTERN = NO;
				GCC_WARN_64_TO_32_BIT_CONVERSION = YES;
				GCC_WARN_ABOUT_RETURN_TYPE = YES_ERROR;
				GCC_WARN_UNDECLARED_SELECTOR = YES;
				GCC_WARN_UNINITIALIZED_AUTOS = YES_AGGRESSIVE;
				GCC_WARN_UNUSED_FUNCTION = YES;
				GCC_WARN_UNUSED_VARIABLE = YES;
				IPHONEOS_DEPLOYMENT_TARGET = 8.1;
				MTL_ENABLE_DEBUG_INFO = YES;
				ONLY_ACTIVE_ARCH = YES;
				SDKROOT = iphoneos;
			};
			name = Debug;
		};
		70737E831A5B141100522810 /* Release */ = {
			isa = XCBuildConfiguration;
			buildSettings = {
				ALWAYS_SEARCH_USER_PATHS = NO;
				CLANG_CXX_LANGUAGE_STANDARD = "gnu++0x";
				CLANG_CXX_LIBRARY = "libc++";
				CLANG_ENABLE_MODULES = YES;
				CLANG_ENABLE_OBJC_ARC = YES;
				CLANG_WARN_BOOL_CONVERSION = YES;
				CLANG_WARN_CONSTANT_CONVERSION = YES;
				CLANG_WARN_DIRECT_OBJC_ISA_USAGE = YES_ERROR;
				CLANG_WARN_EMPTY_BODY = YES;
				CLANG_WARN_ENUM_CONVERSION = YES;
				CLANG_WARN_INT_CONVERSION = YES;
				CLANG_WARN_OBJC_ROOT_CLASS = YES_ERROR;
				CLANG_WARN_UNREACHABLE_CODE = YES;
				CLANG_WARN__DUPLICATE_METHOD_MATCH = YES;
				"CODE_SIGN_IDENTITY[sdk=iphoneos*]" = "iPhone Developer";
				COPY_PHASE_STRIP = YES;
				ENABLE_NS_ASSERTIONS = NO;
				ENABLE_STRICT_OBJC_MSGSEND = YES;
				GCC_C_LANGUAGE_STANDARD = gnu99;
				GCC_WARN_64_TO_32_BIT_CONVERSION = YES;
				GCC_WARN_ABOUT_RETURN_TYPE = YES_ERROR;
				GCC_WARN_UNDECLARED_SELECTOR = YES;
				GCC_WARN_UNINITIALIZED_AUTOS = YES_AGGRESSIVE;
				GCC_WARN_UNUSED_FUNCTION = YES;
				GCC_WARN_UNUSED_VARIABLE = YES;
				IPHONEOS_DEPLOYMENT_TARGET = 8.1;
				MTL_ENABLE_DEBUG_INFO = NO;
				SDKROOT = iphoneos;
				VALIDATE_PRODUCT = YES;
			};
			name = Release;
		};
		70737E851A5B141100522810 /* Debug */ = {
			isa = XCBuildConfiguration;
			buildSettings = {
				ASSETCATALOG_COMPILER_APPICON_NAME = AppIcon;
				INFOPLIST_FILE = Blah/Info.plist;
				LD_RUNPATH_SEARCH_PATHS = "$(inherited) @executable_path/Frameworks";
				PRODUCT_NAME = "$(TARGET_NAME)";
			};
			name = Debug;
		};
		70737E861A5B141100522810 /* Release */ = {
			isa = XCBuildConfiguration;
			buildSettings = {
				ASSETCATALOG_COMPILER_APPICON_NAME = AppIcon;
				INFOPLIST_FILE = Blah/Info.plist;
				LD_RUNPATH_SEARCH_PATHS = "$(inherited) @executable_path/Frameworks";
				PRODUCT_NAME = "$(TARGET_NAME)";
			};
			name = Release;
		};
		70737E881A5B141100522810 /* Debug */ = {
			isa = XCBuildConfiguration;
			buildSettings = {
				BUNDLE_LOADER = "$(TEST_HOST)";
				FRAMEWORK_SEARCH_PATHS = (
					"$(SDKROOT)/Developer/Library/Frameworks",
					"$(inherited)",
				);
				GCC_PREPROCESSOR_DEFINITIONS = (
					"DEBUG=1",
					"$(inherited)",
				);
				INFOPLIST_FILE = BlahTests/Info.plist;
				LD_RUNPATH_SEARCH_PATHS = "$(inherited) @executable_path/Frameworks @loader_path/Frameworks";
				PRODUCT_NAME = "$(TARGET_NAME)";
				TEST_HOST = "$(BUILT_PRODUCTS_DIR)/Blah.app/Blah";
			};
			name = Debug;
		};
		70737E891A5B141100522810 /* Release */ = {
			isa = XCBuildConfiguration;
			buildSettings = {
				BUNDLE_LOADER = "$(TEST_HOST)";
				FRAMEWORK_SEARCH_PATHS = (
					"$(SDKROOT)/Developer/Library/Frameworks",
					"$(inherited)",
				);
				INFOPLIST_FILE = BlahTests/Info.plist;
				LD_RUNPATH_SEARCH_PATHS = "$(inherited) @executable_path/Frameworks @loader_path/Frameworks";
				PRODUCT_NAME = "$(TARGET_NAME)";
				TEST_HOST = "$(BUILT_PRODUCTS_DIR)/Blah.app/Blah";
			};
			name = Release;
		};
/* End XCBuildConfiguration section */

/* Begin XCConfigurationList section */
		70737E5C1A5B141100522810 /* Build configuration list for PBXProject "Blah" */ = {
			isa = XCConfigurationList;
			buildConfigurations = (
				70737E821A5B141100522810 /* Debug */,
				70737E831A5B141100522810 /* Release */,
			);
			defaultConfigurationIsVisible = 0;
			defaultConfigurationName = Release;
		};
		70737E841A5B141100522810 /* Build configuration list for PBXNativeTarget "Blah" */ = {
			isa = XCConfigurationList;
			buildConfigurations = (
				70737E851A5B141100522810 /* Debug */,
				70737E861A5B141100522810 /* Release */,
			);
			defaultConfigurationIsVisible = 0;
		};
		70737E871A5B141100522810 /* Build configuration list for PBXNativeTarget "BlahTests" */ = {
			isa = XCConfigurationList;
			buildConfigurations = (
				70737E881A5B141100522810 /* Debug */,
				70737E891A5B141100522810 /* Release */,
			);
			defaultConfigurationIsVisible = 0;
		};
/* End XCConfigurationList section */
	};
	rootObject = 70737E591A5B141100522810 /* Project object */;
}
