// !$*UTF8*$!
{
	archiveVersion = 1;
	classes = {
	};
	objectVersion = 46;
	objects = {

/* Begin PBXBuildFile section */
		7006236E1A6E986000482B89 /* main.m in Sources */ = {isa = PBXBuildFile; fileRef = 7006236D1A6E986000482B89 /* main.m */; };
		700623711A6E986000482B89 /* AppDelegate.m in Sources */ = {isa = PBXBuildFile; fileRef = 700623701A6E986000482B89 /* AppDelegate.m */; };
		700623741A6E986000482B89 /* ViewController.m in Sources */ = {isa = PBXBuildFile; fileRef = 700623731A6E986000482B89 /* ViewController.m */; };
		700623771A6E986000482B89 /* Main.storyboard in Resources */ = {isa = PBXBuildFile; fileRef = 700623751A6E986000482B89 /* Main.storyboard */; };
		700623791A6E986000482B89 /* Images.xcassets in Resources */ = {isa = PBXBuildFile; fileRef = 700623781A6E986000482B89 /* Images.xcassets */; };
		7006237C1A6E986000482B89 /* LaunchScreen.xib in Resources */ = {isa = PBXBuildFile; fileRef = 7006237A1A6E986000482B89 /* LaunchScreen.xib */; };
		700623881A6E986000482B89 /* CaptureTests.m in Sources */ = {isa = PBXBuildFile; fileRef = 700623871A6E986000482B89 /* CaptureTests.m */; };
		700623931A6EAD9500482B89 /* FilterViewController.m in Sources */ = {isa = PBXBuildFile; fileRef = 700623921A6EAD9500482B89 /* FilterViewController.m */; };
/* End PBXBuildFile section */

/* Begin PBXContainerItemProxy section */
		700623821A6E986000482B89 /* PBXContainerItemProxy */ = {
			isa = PBXContainerItemProxy;
			containerPortal = 700623601A6E986000482B89 /* Project object */;
			proxyType = 1;
			remoteGlobalIDString = 700623671A6E986000482B89;
			remoteInfo = Capture;
		};
/* End PBXContainerItemProxy section */

/* Begin PBXFileReference section */
		700623681A6E986000482B89 /* Capture.app */ = {isa = PBXFileReference; explicitFileType = wrapper.application; includeInIndex = 0; path = Capture.app; sourceTree = BUILT_PRODUCTS_DIR; };
		7006236C1A6E986000482B89 /* Info.plist */ = {isa = PBXFileReference; lastKnownFileType = text.plist.xml; path = Info.plist; sourceTree = "<group>"; };
		7006236D1A6E986000482B89 /* main.m */ = {isa = PBXFileReference; lastKnownFileType = sourcecode.c.objc; path = main.m; sourceTree = "<group>"; };
		7006236F1A6E986000482B89 /* AppDelegate.h */ = {isa = PBXFileReference; lastKnownFileType = sourcecode.c.h; path = AppDelegate.h; sourceTree = "<group>"; };
		700623701A6E986000482B89 /* AppDelegate.m */ = {isa = PBXFileReference; lastKnownFileType = sourcecode.c.objc; path = AppDelegate.m; sourceTree = "<group>"; };
		700623721A6E986000482B89 /* ViewController.h */ = {isa = PBXFileReference; lastKnownFileType = sourcecode.c.h; path = ViewController.h; sourceTree = "<group>"; };
		700623731A6E986000482B89 /* ViewController.m */ = {isa = PBXFileReference; lastKnownFileType = sourcecode.c.objc; path = ViewController.m; sourceTree = "<group>"; };
		700623761A6E986000482B89 /* Base */ = {isa = PBXFileReference; lastKnownFileType = file.storyboard; name = Base; path = Base.lproj/Main.storyboard; sourceTree = "<group>"; };
		700623781A6E986000482B89 /* Images.xcassets */ = {isa = PBXFileReference; lastKnownFileType = folder.assetcatalog; path = Images.xcassets; sourceTree = "<group>"; };
		7006237B1A6E986000482B89 /* Base */ = {isa = PBXFileReference; lastKnownFileType = file.xib; name = Base; path = Base.lproj/LaunchScreen.xib; sourceTree = "<group>"; };
		700623811A6E986000482B89 /* CaptureTests.xctest */ = {isa = PBXFileReference; explicitFileType = wrapper.cfbundle; includeInIndex = 0; path = CaptureTests.xctest; sourceTree = BUILT_PRODUCTS_DIR; };
		700623861A6E986000482B89 /* Info.plist */ = {isa = PBXFileReference; lastKnownFileType = text.plist.xml; path = Info.plist; sourceTree = "<group>"; };
		700623871A6E986000482B89 /* CaptureTests.m */ = {isa = PBXFileReference; lastKnownFileType = sourcecode.c.objc; path = CaptureTests.m; sourceTree = "<group>"; };
		700623911A6EAD9500482B89 /* FilterViewController.h */ = {isa = PBXFileReference; fileEncoding = 4; lastKnownFileType = sourcecode.c.h; path = FilterViewController.h; sourceTree = "<group>"; };
		700623921A6EAD9500482B89 /* FilterViewController.m */ = {isa = PBXFileReference; fileEncoding = 4; lastKnownFileType = sourcecode.c.objc; path = FilterViewController.m; sourceTree = "<group>"; };
/* End PBXFileReference section */

/* Begin PBXFrameworksBuildPhase section */
		700623651A6E986000482B89 /* Frameworks */ = {
			isa = PBXFrameworksBuildPhase;
			buildActionMask = 2147483647;
			files = (
			);
			runOnlyForDeploymentPostprocessing = 0;
		};
		7006237E1A6E986000482B89 /* Frameworks */ = {
			isa = PBXFrameworksBuildPhase;
			buildActionMask = 2147483647;
			files = (
			);
			runOnlyForDeploymentPostprocessing = 0;
		};
/* End PBXFrameworksBuildPhase section */

/* Begin PBXGroup section */
		7006235F1A6E986000482B89 = {
			isa = PBXGroup;
			children = (
				7006236A1A6E986000482B89 /* Capture */,
				700623841A6E986000482B89 /* CaptureTests */,
				700623691A6E986000482B89 /* Products */,
			);
			sourceTree = "<group>";
		};
		700623691A6E986000482B89 /* Products */ = {
			isa = PBXGroup;
			children = (
				700623681A6E986000482B89 /* Capture.app */,
				700623811A6E986000482B89 /* CaptureTests.xctest */,
			);
			name = Products;
			sourceTree = "<group>";
		};
		7006236A1A6E986000482B89 /* Capture */ = {
			isa = PBXGroup;
			children = (
				700623721A6E986000482B89 /* ViewController.h */,
				700623731A6E986000482B89 /* ViewController.m */,
				700623911A6EAD9500482B89 /* FilterViewController.h */,
				700623921A6EAD9500482B89 /* FilterViewController.m */,
				700623751A6E986000482B89 /* Main.storyboard */,
				7006236B1A6E986000482B89 /* Supporting Files */,
			);
			path = Capture;
			sourceTree = "<group>";
		};
		7006236B1A6E986000482B89 /* Supporting Files */ = {
			isa = PBXGroup;
			children = (
				7006236F1A6E986000482B89 /* AppDelegate.h */,
				700623701A6E986000482B89 /* AppDelegate.m */,
				700623781A6E986000482B89 /* Images.xcassets */,
				7006237A1A6E986000482B89 /* LaunchScreen.xib */,
				7006236C1A6E986000482B89 /* Info.plist */,
				7006236D1A6E986000482B89 /* main.m */,
			);
			name = "Supporting Files";
			sourceTree = "<group>";
		};
		700623841A6E986000482B89 /* CaptureTests */ = {
			isa = PBXGroup;
			children = (
				700623871A6E986000482B89 /* CaptureTests.m */,
				700623851A6E986000482B89 /* Supporting Files */,
			);
			path = CaptureTests;
			sourceTree = "<group>";
		};
		700623851A6E986000482B89 /* Supporting Files */ = {
			isa = PBXGroup;
			children = (
				700623861A6E986000482B89 /* Info.plist */,
			);
			name = "Supporting Files";
			sourceTree = "<group>";
		};
/* End PBXGroup section */

/* Begin PBXNativeTarget section */
		700623671A6E986000482B89 /* Capture */ = {
			isa = PBXNativeTarget;
			buildConfigurationList = 7006238B1A6E986000482B89 /* Build configuration list for PBXNativeTarget "Capture" */;
			buildPhases = (
				700623641A6E986000482B89 /* Sources */,
				700623651A6E986000482B89 /* Frameworks */,
				700623661A6E986000482B89 /* Resources */,
			);
			buildRules = (
			);
			dependencies = (
			);
			name = Capture;
			productName = Capture;
			productReference = 700623681A6E986000482B89 /* Capture.app */;
			productType = "com.apple.product-type.application";
		};
		700623801A6E986000482B89 /* CaptureTests */ = {
			isa = PBXNativeTarget;
			buildConfigurationList = 7006238E1A6E986000482B89 /* Build configuration list for PBXNativeTarget "CaptureTests" */;
			buildPhases = (
				7006237D1A6E986000482B89 /* Sources */,
				7006237E1A6E986000482B89 /* Frameworks */,
				7006237F1A6E986000482B89 /* Resources */,
			);
			buildRules = (
			);
			dependencies = (
				700623831A6E986000482B89 /* PBXTargetDependency */,
			);
			name = CaptureTests;
			productName = CaptureTests;
			productReference = 700623811A6E986000482B89 /* CaptureTests.xctest */;
			productType = "com.apple.product-type.bundle.unit-test";
		};
/* End PBXNativeTarget section */

/* Begin PBXProject section */
		700623601A6E986000482B89 /* Project object */ = {
			isa = PBXProject;
			attributes = {
				LastUpgradeCheck = 0610;
				ORGANIZATIONNAME = "Jeanie House";
				TargetAttributes = {
					700623671A6E986000482B89 = {
						CreatedOnToolsVersion = 6.1.1;
					};
					700623801A6E986000482B89 = {
						CreatedOnToolsVersion = 6.1.1;
						TestTargetID = 700623671A6E986000482B89;
					};
				};
			};
			buildConfigurationList = 700623631A6E986000482B89 /* Build configuration list for PBXProject "Capture" */;
			compatibilityVersion = "Xcode 3.2";
			developmentRegion = English;
			hasScannedForEncodings = 0;
			knownRegions = (
				en,
				Base,
			);
			mainGroup = 7006235F1A6E986000482B89;
			productRefGroup = 700623691A6E986000482B89 /* Products */;
			projectDirPath = "";
			projectRoot = "";
			targets = (
				700623671A6E986000482B89 /* Capture */,
				700623801A6E986000482B89 /* CaptureTests */,
			);
		};
/* End PBXProject section */

/* Begin PBXResourcesBuildPhase section */
		700623661A6E986000482B89 /* Resources */ = {
			isa = PBXResourcesBuildPhase;
			buildActionMask = 2147483647;
			files = (
				700623771A6E986000482B89 /* Main.storyboard in Resources */,
				7006237C1A6E986000482B89 /* LaunchScreen.xib in Resources */,
				700623791A6E986000482B89 /* Images.xcassets in Resources */,
			);
			runOnlyForDeploymentPostprocessing = 0;
		};
		7006237F1A6E986000482B89 /* Resources */ = {
			isa = PBXResourcesBuildPhase;
			buildActionMask = 2147483647;
			files = (
			);
			runOnlyForDeploymentPostprocessing = 0;
		};
/* End PBXResourcesBuildPhase section */

/* Begin PBXSourcesBuildPhase section */
		700623641A6E986000482B89 /* Sources */ = {
			isa = PBXSourcesBuildPhase;
			buildActionMask = 2147483647;
			files = (
				700623741A6E986000482B89 /* ViewController.m in Sources */,
				700623711A6E986000482B89 /* AppDelegate.m in Sources */,
				700623931A6EAD9500482B89 /* FilterViewController.m in Sources */,
				7006236E1A6E986000482B89 /* main.m in Sources */,
			);
			runOnlyForDeploymentPostprocessing = 0;
		};
		7006237D1A6E986000482B89 /* Sources */ = {
			isa = PBXSourcesBuildPhase;
			buildActionMask = 2147483647;
			files = (
				700623881A6E986000482B89 /* CaptureTests.m in Sources */,
			);
			runOnlyForDeploymentPostprocessing = 0;
		};
/* End PBXSourcesBuildPhase section */

/* Begin PBXTargetDependency section */
		700623831A6E986000482B89 /* PBXTargetDependency */ = {
			isa = PBXTargetDependency;
			target = 700623671A6E986000482B89 /* Capture */;
			targetProxy = 700623821A6E986000482B89 /* PBXContainerItemProxy */;
		};
/* End PBXTargetDependency section */

/* Begin PBXVariantGroup section */
		700623751A6E986000482B89 /* Main.storyboard */ = {
			isa = PBXVariantGroup;
			children = (
				700623761A6E986000482B89 /* Base */,
			);
			name = Main.storyboard;
			sourceTree = "<group>";
		};
		7006237A1A6E986000482B89 /* LaunchScreen.xib */ = {
			isa = PBXVariantGroup;
			children = (
				7006237B1A6E986000482B89 /* Base */,
			);
			name = LaunchScreen.xib;
			sourceTree = "<group>";
		};
/* End PBXVariantGroup section */

/* Begin XCBuildConfiguration section */
		700623891A6E986000482B89 /* Debug */ = {
			isa = XCBuildConfiguration;
			buildSettings = {
				ALWAYS_SEARCH_USER_PATHS = NO;
				CLANG_CXX_LANGUAGE_STANDARD = "gnu++0x";
				CLANG_CXX_LIBRARY = "libc++";
				CLANG_ENABLE_MODULES = YES;
				CLANG_ENABLE_OBJC_ARC = YES;
				CLANG_WARN_BOOL_CONVERSION = YES;
				CLANG_WARN_CONSTANT_CONVERSION = YES;
				CLANG_WARN_DIRECT_OBJC_ISA_USAGE = YES_ERROR;
				CLANG_WARN_EMPTY_BODY = YES;
				CLANG_WARN_ENUM_CONVERSION = YES;
				CLANG_WARN_INT_CONVERSION = YES;
				CLANG_WARN_OBJC_ROOT_CLASS = YES_ERROR;
				CLANG_WARN_UNREACHABLE_CODE = YES;
				CLANG_WARN__DUPLICATE_METHOD_MATCH = YES;
				"CODE_SIGN_IDENTITY[sdk=iphoneos*]" = "iPhone Developer";
				COPY_PHASE_STRIP = NO;
				ENABLE_STRICT_OBJC_MSGSEND = YES;
				GCC_C_LANGUAGE_STANDARD = gnu99;
				GCC_DYNAMIC_NO_PIC = NO;
				GCC_OPTIMIZATION_LEVEL = 0;
				GCC_PREPROCESSOR_DEFINITIONS = (
					"DEBUG=1",
					"$(inherited)",
				);
				GCC_SYMBOLS_PRIVATE_EXTERN = NO;
				GCC_WARN_64_TO_32_BIT_CONVERSION = YES;
				GCC_WARN_ABOUT_RETURN_TYPE = YES_ERROR;
				GCC_WARN_UNDECLARED_SELECTOR = YES;
				GCC_WARN_UNINITIALIZED_AUTOS = YES_AGGRESSIVE;
				GCC_WARN_UNUSED_FUNCTION = YES;
				GCC_WARN_UNUSED_VARIABLE = YES;
				IPHONEOS_DEPLOYMENT_TARGET = 8.1;
				MTL_ENABLE_DEBUG_INFO = YES;
				ONLY_ACTIVE_ARCH = YES;
				SDKROOT = iphoneos;
			};
			name = Debug;
		};
		7006238A1A6E986000482B89 /* Release */ = {
			isa = XCBuildConfiguration;
			buildSettings = {
				ALWAYS_SEARCH_USER_PATHS = NO;
				CLANG_CXX_LANGUAGE_STANDARD = "gnu++0x";
				CLANG_CXX_LIBRARY = "libc++";
				CLANG_ENABLE_MODULES = YES;
				CLANG_ENABLE_OBJC_ARC = YES;
				CLANG_WARN_BOOL_CONVERSION = YES;
				CLANG_WARN_CONSTANT_CONVERSION = YES;
				CLANG_WARN_DIRECT_OBJC_ISA_USAGE = YES_ERROR;
				CLANG_WARN_EMPTY_BODY = YES;
				CLANG_WARN_ENUM_CONVERSION = YES;
				CLANG_WARN_INT_CONVERSION = YES;
				CLANG_WARN_OBJC_ROOT_CLASS = YES_ERROR;
				CLANG_WARN_UNREACHABLE_CODE = YES;
				CLANG_WARN__DUPLICATE_METHOD_MATCH = YES;
				"CODE_SIGN_IDENTITY[sdk=iphoneos*]" = "iPhone Developer";
				COPY_PHASE_STRIP = YES;
				ENABLE_NS_ASSERTIONS = NO;
				ENABLE_STRICT_OBJC_MSGSEND = YES;
				GCC_C_LANGUAGE_STANDARD = gnu99;
				GCC_WARN_64_TO_32_BIT_CONVERSION = YES;
				GCC_WARN_ABOUT_RETURN_TYPE = YES_ERROR;
				GCC_WARN_UNDECLARED_SELECTOR = YES;
				GCC_WARN_UNINITIALIZED_AUTOS = YES_AGGRESSIVE;
				GCC_WARN_UNUSED_FUNCTION = YES;
				GCC_WARN_UNUSED_VARIABLE = YES;
				IPHONEOS_DEPLOYMENT_TARGET = 8.1;
				MTL_ENABLE_DEBUG_INFO = NO;
				SDKROOT = iphoneos;
				VALIDATE_PRODUCT = YES;
			};
			name = Release;
		};
		7006238C1A6E986000482B89 /* Debug */ = {
			isa = XCBuildConfiguration;
			buildSettings = {
				ASSETCATALOG_COMPILER_APPICON_NAME = AppIcon;
				INFOPLIST_FILE = Capture/Info.plist;
				LD_RUNPATH_SEARCH_PATHS = "$(inherited) @executable_path/Frameworks";
				PRODUCT_NAME = "$(TARGET_NAME)";
			};
			name = Debug;
		};
		7006238D1A6E986000482B89 /* Release */ = {
			isa = XCBuildConfiguration;
			buildSettings = {
				ASSETCATALOG_COMPILER_APPICON_NAME = AppIcon;
				INFOPLIST_FILE = Capture/Info.plist;
				LD_RUNPATH_SEARCH_PATHS = "$(inherited) @executable_path/Frameworks";
				PRODUCT_NAME = "$(TARGET_NAME)";
			};
			name = Release;
		};
		7006238F1A6E986000482B89 /* Debug */ = {
			isa = XCBuildConfiguration;
			buildSettings = {
				BUNDLE_LOADER = "$(TEST_HOST)";
				FRAMEWORK_SEARCH_PATHS = (
					"$(SDKROOT)/Developer/Library/Frameworks",
					"$(inherited)",
				);
				GCC_PREPROCESSOR_DEFINITIONS = (
					"DEBUG=1",
					"$(inherited)",
				);
				INFOPLIST_FILE = CaptureTests/Info.plist;
				LD_RUNPATH_SEARCH_PATHS = "$(inherited) @executable_path/Frameworks @loader_path/Frameworks";
				PRODUCT_NAME = "$(TARGET_NAME)";
				TEST_HOST = "$(BUILT_PRODUCTS_DIR)/Capture.app/Capture";
			};
			name = Debug;
		};
		700623901A6E986000482B89 /* Release */ = {
			isa = XCBuildConfiguration;
			buildSettings = {
				BUNDLE_LOADER = "$(TEST_HOST)";
				FRAMEWORK_SEARCH_PATHS = (
					"$(SDKROOT)/Developer/Library/Frameworks",
					"$(inherited)",
				);
				INFOPLIST_FILE = CaptureTests/Info.plist;
				LD_RUNPATH_SEARCH_PATHS = "$(inherited) @executable_path/Frameworks @loader_path/Frameworks";
				PRODUCT_NAME = "$(TARGET_NAME)";
				TEST_HOST = "$(BUILT_PRODUCTS_DIR)/Capture.app/Capture";
			};
			name = Release;
		};
/* End XCBuildConfiguration section */

/* Begin XCConfigurationList section */
		700623631A6E986000482B89 /* Build configuration list for PBXProject "Capture" */ = {
			isa = XCConfigurationList;
			buildConfigurations = (
				700623891A6E986000482B89 /* Debug */,
				7006238A1A6E986000482B89 /* Release */,
			);
			defaultConfigurationIsVisible = 0;
			defaultConfigurationName = Release;
		};
		7006238B1A6E986000482B89 /* Build configuration list for PBXNativeTarget "Capture" */ = {
			isa = XCConfigurationList;
			buildConfigurations = (
				7006238C1A6E986000482B89 /* Debug */,
				7006238D1A6E986000482B89 /* Release */,
			);
			defaultConfigurationIsVisible = 0;
			defaultConfigurationName = Release;
		};
		7006238E1A6E986000482B89 /* Build configuration list for PBXNativeTarget "CaptureTests" */ = {
			isa = XCConfigurationList;
			buildConfigurations = (
				7006238F1A6E986000482B89 /* Debug */,
				700623901A6E986000482B89 /* Release */,
			);
			defaultConfigurationIsVisible = 0;
			defaultConfigurationName = Release;
		};
/* End XCConfigurationList section */
	};
	rootObject = 700623601A6E986000482B89 /* Project object */;
}
