// !$*UTF8*$!
{
	archiveVersion = 1;
	classes = {
	};
	objectVersion = 46;
	objects = {

/* Begin PBXBuildFile section */
		7014E8A61A5ECA070094EC52 /* main.m in Sources */ = {isa = PBXBuildFile; fileRef = 7014E8A51A5ECA070094EC52 /* main.m */; };
		7014E8A91A5ECA070094EC52 /* AppDelegate.m in Sources */ = {isa = PBXBuildFile; fileRef = 7014E8A81A5ECA070094EC52 /* AppDelegate.m */; };
		7014E8B11A5ECA070094EC52 /* Images.xcassets in Resources */ = {isa = PBXBuildFile; fileRef = 7014E8B01A5ECA070094EC52 /* Images.xcassets */; };
		7014E8B41A5ECA070094EC52 /* LaunchScreen.xib in Resources */ = {isa = PBXBuildFile; fileRef = 7014E8B21A5ECA070094EC52 /* LaunchScreen.xib */; };
		7014E8C01A5ECA070094EC52 /* GithubFriendsTests.m in Sources */ = {isa = PBXBuildFile; fileRef = 7014E8BF1A5ECA070094EC52 /* GithubFriendsTests.m */; };
		7014E8CB1A5ECB760094EC52 /* FriendsTVC.m in Sources */ = {isa = PBXBuildFile; fileRef = 7014E8CA1A5ECB760094EC52 /* FriendsTVC.m */; };
		7014E8CE1A5ECB960094EC52 /* FriendCell.m in Sources */ = {isa = PBXBuildFile; fileRef = 7014E8CD1A5ECB960094EC52 /* FriendCell.m */; };
		7014E8D11A5EE35E0094EC52 /* NewFriendVC.m in Sources */ = {isa = PBXBuildFile; fileRef = 7014E8D01A5EE35E0094EC52 /* NewFriendVC.m */; };
		7014E8D41A5EE37F0094EC52 /* FriendDetailVC.m in Sources */ = {isa = PBXBuildFile; fileRef = 7014E8D31A5EE37F0094EC52 /* FriendDetailVC.m */; };
/* End PBXBuildFile section */

/* Begin PBXContainerItemProxy section */
		7014E8BA1A5ECA070094EC52 /* PBXContainerItemProxy */ = {
			isa = PBXContainerItemProxy;
			containerPortal = 7014E8981A5ECA070094EC52 /* Project object */;
			proxyType = 1;
			remoteGlobalIDString = 7014E89F1A5ECA070094EC52;
			remoteInfo = GithubFriends;
		};
/* End PBXContainerItemProxy section */

/* Begin PBXFileReference section */
		7014E8A01A5ECA070094EC52 /* GithubFriends.app */ = {isa = PBXFileReference; explicitFileType = wrapper.application; includeInIndex = 0; path = GithubFriends.app; sourceTree = BUILT_PRODUCTS_DIR; };
		7014E8A41A5ECA070094EC52 /* Info.plist */ = {isa = PBXFileReference; lastKnownFileType = text.plist.xml; path = Info.plist; sourceTree = "<group>"; };
		7014E8A51A5ECA070094EC52 /* main.m */ = {isa = PBXFileReference; lastKnownFileType = sourcecode.c.objc; path = main.m; sourceTree = "<group>"; };
		7014E8A71A5ECA070094EC52 /* AppDelegate.h */ = {isa = PBXFileReference; lastKnownFileType = sourcecode.c.h; path = AppDelegate.h; sourceTree = "<group>"; };
		7014E8A81A5ECA070094EC52 /* AppDelegate.m */ = {isa = PBXFileReference; lastKnownFileType = sourcecode.c.objc; path = AppDelegate.m; sourceTree = "<group>"; };
		7014E8B01A5ECA070094EC52 /* Images.xcassets */ = {isa = PBXFileReference; lastKnownFileType = folder.assetcatalog; path = Images.xcassets; sourceTree = "<group>"; };
		7014E8B31A5ECA070094EC52 /* Base */ = {isa = PBXFileReference; lastKnownFileType = file.xib; name = Base; path = Base.lproj/LaunchScreen.xib; sourceTree = "<group>"; };
		7014E8B91A5ECA070094EC52 /* GithubFriendsTests.xctest */ = {isa = PBXFileReference; explicitFileType = wrapper.cfbundle; includeInIndex = 0; path = GithubFriendsTests.xctest; sourceTree = BUILT_PRODUCTS_DIR; };
		7014E8BE1A5ECA070094EC52 /* Info.plist */ = {isa = PBXFileReference; lastKnownFileType = text.plist.xml; path = Info.plist; sourceTree = "<group>"; };
		7014E8BF1A5ECA070094EC52 /* GithubFriendsTests.m */ = {isa = PBXFileReference; lastKnownFileType = sourcecode.c.objc; path = GithubFriendsTests.m; sourceTree = "<group>"; };
		7014E8C91A5ECB760094EC52 /* FriendsTVC.h */ = {isa = PBXFileReference; fileEncoding = 4; lastKnownFileType = sourcecode.c.h; path = FriendsTVC.h; sourceTree = "<group>"; };
		7014E8CA1A5ECB760094EC52 /* FriendsTVC.m */ = {isa = PBXFileReference; fileEncoding = 4; lastKnownFileType = sourcecode.c.objc; path = FriendsTVC.m; sourceTree = "<group>"; };
		7014E8CC1A5ECB960094EC52 /* FriendCell.h */ = {isa = PBXFileReference; fileEncoding = 4; lastKnownFileType = sourcecode.c.h; path = FriendCell.h; sourceTree = "<group>"; };
		7014E8CD1A5ECB960094EC52 /* FriendCell.m */ = {isa = PBXFileReference; fileEncoding = 4; lastKnownFileType = sourcecode.c.objc; path = FriendCell.m; sourceTree = "<group>"; };
		7014E8CF1A5EE35E0094EC52 /* NewFriendVC.h */ = {isa = PBXFileReference; fileEncoding = 4; lastKnownFileType = sourcecode.c.h; path = NewFriendVC.h; sourceTree = "<group>"; };
		7014E8D01A5EE35E0094EC52 /* NewFriendVC.m */ = {isa = PBXFileReference; fileEncoding = 4; lastKnownFileType = sourcecode.c.objc; path = NewFriendVC.m; sourceTree = "<group>"; };
		7014E8D21A5EE37F0094EC52 /* FriendDetailVC.h */ = {isa = PBXFileReference; fileEncoding = 4; lastKnownFileType = sourcecode.c.h; path = FriendDetailVC.h; sourceTree = "<group>"; };
		7014E8D31A5EE37F0094EC52 /* FriendDetailVC.m */ = {isa = PBXFileReference; fileEncoding = 4; lastKnownFileType = sourcecode.c.objc; path = FriendDetailVC.m; sourceTree = "<group>"; };
/* End PBXFileReference section */

/* Begin PBXFrameworksBuildPhase section */
		7014E89D1A5ECA070094EC52 /* Frameworks */ = {
			isa = PBXFrameworksBuildPhase;
			buildActionMask = 2147483647;
			files = (
			);
			runOnlyForDeploymentPostprocessing = 0;
		};
		7014E8B61A5ECA070094EC52 /* Frameworks */ = {
			isa = PBXFrameworksBuildPhase;
			buildActionMask = 2147483647;
			files = (
			);
			runOnlyForDeploymentPostprocessing = 0;
		};
/* End PBXFrameworksBuildPhase section */

/* Begin PBXGroup section */
		7014E8971A5ECA070094EC52 = {
			isa = PBXGroup;
			children = (
				7014E8A21A5ECA070094EC52 /* GithubFriends */,
				7014E8BC1A5ECA070094EC52 /* GithubFriendsTests */,
				7014E8A11A5ECA070094EC52 /* Products */,
			);
			sourceTree = "<group>";
		};
		7014E8A11A5ECA070094EC52 /* Products */ = {
			isa = PBXGroup;
			children = (
				7014E8A01A5ECA070094EC52 /* GithubFriends.app */,
				7014E8B91A5ECA070094EC52 /* GithubFriendsTests.xctest */,
			);
			name = Products;
			sourceTree = "<group>";
		};
		7014E8A21A5ECA070094EC52 /* GithubFriends */ = {
			isa = PBXGroup;
			children = (
				7014E8D51A5EE3C40094EC52 /* List */,
				7014E8CF1A5EE35E0094EC52 /* NewFriendVC.h */,
				7014E8D01A5EE35E0094EC52 /* NewFriendVC.m */,
				7014E8D21A5EE37F0094EC52 /* FriendDetailVC.h */,
				7014E8D31A5EE37F0094EC52 /* FriendDetailVC.m */,
				7014E8A31A5ECA070094EC52 /* Supporting Files */,
			);
			path = GithubFriends;
			sourceTree = "<group>";
		};
		7014E8A31A5ECA070094EC52 /* Supporting Files */ = {
			isa = PBXGroup;
			children = (
				7014E8A71A5ECA070094EC52 /* AppDelegate.h */,
				7014E8A81A5ECA070094EC52 /* AppDelegate.m */,
				7014E8B01A5ECA070094EC52 /* Images.xcassets */,
				7014E8B21A5ECA070094EC52 /* LaunchScreen.xib */,
				7014E8A41A5ECA070094EC52 /* Info.plist */,
				7014E8A51A5ECA070094EC52 /* main.m */,
			);
			name = "Supporting Files";
			sourceTree = "<group>";
		};
		7014E8BC1A5ECA070094EC52 /* GithubFriendsTests */ = {
			isa = PBXGroup;
			children = (
				7014E8BF1A5ECA070094EC52 /* GithubFriendsTests.m */,
				7014E8BD1A5ECA070094EC52 /* Supporting Files */,
			);
			path = GithubFriendsTests;
			sourceTree = "<group>";
		};
		7014E8BD1A5ECA070094EC52 /* Supporting Files */ = {
			isa = PBXGroup;
			children = (
				7014E8BE1A5ECA070094EC52 /* Info.plist */,
			);
			name = "Supporting Files";
			sourceTree = "<group>";
		};
		7014E8D51A5EE3C40094EC52 /* List */ = {
			isa = PBXGroup;
			children = (
				7014E8C91A5ECB760094EC52 /* FriendsTVC.h */,
				7014E8CA1A5ECB760094EC52 /* FriendsTVC.m */,
				7014E8CC1A5ECB960094EC52 /* FriendCell.h */,
				7014E8CD1A5ECB960094EC52 /* FriendCell.m */,
			);
			name = List;
			sourceTree = "<group>";
		};
/* End PBXGroup section */

/* Begin PBXNativeTarget section */
		7014E89F1A5ECA070094EC52 /* GithubFriends */ = {
			isa = PBXNativeTarget;
			buildConfigurationList = 7014E8C31A5ECA070094EC52 /* Build configuration list for PBXNativeTarget "GithubFriends" */;
			buildPhases = (
				7014E89C1A5ECA070094EC52 /* Sources */,
				7014E89D1A5ECA070094EC52 /* Frameworks */,
				7014E89E1A5ECA070094EC52 /* Resources */,
			);
			buildRules = (
			);
			dependencies = (
			);
			name = GithubFriends;
			productName = GithubFriends;
			productReference = 7014E8A01A5ECA070094EC52 /* GithubFriends.app */;
			productType = "com.apple.product-type.application";
		};
		7014E8B81A5ECA070094EC52 /* GithubFriendsTests */ = {
			isa = PBXNativeTarget;
			buildConfigurationList = 7014E8C61A5ECA070094EC52 /* Build configuration list for PBXNativeTarget "GithubFriendsTests" */;
			buildPhases = (
				7014E8B51A5ECA070094EC52 /* Sources */,
				7014E8B61A5ECA070094EC52 /* Frameworks */,
				7014E8B71A5ECA070094EC52 /* Resources */,
			);
			buildRules = (
			);
			dependencies = (
				7014E8BB1A5ECA070094EC52 /* PBXTargetDependency */,
			);
			name = GithubFriendsTests;
			productName = GithubFriendsTests;
			productReference = 7014E8B91A5ECA070094EC52 /* GithubFriendsTests.xctest */;
			productType = "com.apple.product-type.bundle.unit-test";
		};
/* End PBXNativeTarget section */

/* Begin PBXProject section */
		7014E8981A5ECA070094EC52 /* Project object */ = {
			isa = PBXProject;
			attributes = {
				LastUpgradeCheck = 0610;
				ORGANIZATIONNAME = "Jeanie House";
				TargetAttributes = {
					7014E89F1A5ECA070094EC52 = {
						CreatedOnToolsVersion = 6.1.1;
					};
					7014E8B81A5ECA070094EC52 = {
						CreatedOnToolsVersion = 6.1.1;
						TestTargetID = 7014E89F1A5ECA070094EC52;
					};
				};
			};
			buildConfigurationList = 7014E89B1A5ECA070094EC52 /* Build configuration list for PBXProject "GithubFriends" */;
			compatibilityVersion = "Xcode 3.2";
			developmentRegion = English;
			hasScannedForEncodings = 0;
			knownRegions = (
				en,
				Base,
			);
			mainGroup = 7014E8971A5ECA070094EC52;
			productRefGroup = 7014E8A11A5ECA070094EC52 /* Products */;
			projectDirPath = "";
			projectRoot = "";
			targets = (
				7014E89F1A5ECA070094EC52 /* GithubFriends */,
				7014E8B81A5ECA070094EC52 /* GithubFriendsTests */,
			);
		};
/* End PBXProject section */

/* Begin PBXResourcesBuildPhase section */
		7014E89E1A5ECA070094EC52 /* Resources */ = {
			isa = PBXResourcesBuildPhase;
			buildActionMask = 2147483647;
			files = (
				7014E8B41A5ECA070094EC52 /* LaunchScreen.xib in Resources */,
				7014E8B11A5ECA070094EC52 /* Images.xcassets in Resources */,
			);
			runOnlyForDeploymentPostprocessing = 0;
		};
		7014E8B71A5ECA070094EC52 /* Resources */ = {
			isa = PBXResourcesBuildPhase;
			buildActionMask = 2147483647;
			files = (
			);
			runOnlyForDeploymentPostprocessing = 0;
		};
/* End PBXResourcesBuildPhase section */

/* Begin PBXSourcesBuildPhase section */
		7014E89C1A5ECA070094EC52 /* Sources */ = {
			isa = PBXSourcesBuildPhase;
			buildActionMask = 2147483647;
			files = (
				7014E8A91A5ECA070094EC52 /* AppDelegate.m in Sources */,
				7014E8D11A5EE35E0094EC52 /* NewFriendVC.m in Sources */,
				7014E8CB1A5ECB760094EC52 /* FriendsTVC.m in Sources */,
				7014E8D41A5EE37F0094EC52 /* FriendDetailVC.m in Sources */,
				7014E8A61A5ECA070094EC52 /* main.m in Sources */,
				7014E8CE1A5ECB960094EC52 /* FriendCell.m in Sources */,
			);
			runOnlyForDeploymentPostprocessing = 0;
		};
		7014E8B51A5ECA070094EC52 /* Sources */ = {
			isa = PBXSourcesBuildPhase;
			buildActionMask = 2147483647;
			files = (
				7014E8C01A5ECA070094EC52 /* GithubFriendsTests.m in Sources */,
			);
			runOnlyForDeploymentPostprocessing = 0;
		};
/* End PBXSourcesBuildPhase section */

/* Begin PBXTargetDependency section */
		7014E8BB1A5ECA070094EC52 /* PBXTargetDependency */ = {
			isa = PBXTargetDependency;
			target = 7014E89F1A5ECA070094EC52 /* GithubFriends */;
			targetProxy = 7014E8BA1A5ECA070094EC52 /* PBXContainerItemProxy */;
		};
/* End PBXTargetDependency section */

/* Begin PBXVariantGroup section */
		7014E8B21A5ECA070094EC52 /* LaunchScreen.xib */ = {
			isa = PBXVariantGroup;
			children = (
				7014E8B31A5ECA070094EC52 /* Base */,
			);
			name = LaunchScreen.xib;
			sourceTree = "<group>";
		};
/* End PBXVariantGroup section */

/* Begin XCBuildConfiguration section */
		7014E8C11A5ECA070094EC52 /* Debug */ = {
			isa = XCBuildConfiguration;
			buildSettings = {
				ALWAYS_SEARCH_USER_PATHS = NO;
				CLANG_CXX_LANGUAGE_STANDARD = "gnu++0x";
				CLANG_CXX_LIBRARY = "libc++";
				CLANG_ENABLE_MODULES = YES;
				CLANG_ENABLE_OBJC_ARC = YES;
				CLANG_WARN_BOOL_CONVERSION = YES;
				CLANG_WARN_CONSTANT_CONVERSION = YES;
				CLANG_WARN_DIRECT_OBJC_ISA_USAGE = YES_ERROR;
				CLANG_WARN_EMPTY_BODY = YES;
				CLANG_WARN_ENUM_CONVERSION = YES;
				CLANG_WARN_INT_CONVERSION = YES;
				CLANG_WARN_OBJC_ROOT_CLASS = YES_ERROR;
				CLANG_WARN_UNREACHABLE_CODE = YES;
				CLANG_WARN__DUPLICATE_METHOD_MATCH = YES;
				"CODE_SIGN_IDENTITY[sdk=iphoneos*]" = "iPhone Developer";
				COPY_PHASE_STRIP = NO;
				ENABLE_STRICT_OBJC_MSGSEND = YES;
				GCC_C_LANGUAGE_STANDARD = gnu99;
				GCC_DYNAMIC_NO_PIC = NO;
				GCC_OPTIMIZATION_LEVEL = 0;
				GCC_PREPROCESSOR_DEFINITIONS = (
					"DEBUG=1",
					"$(inherited)",
				);
				GCC_SYMBOLS_PRIVATE_EXTERN = NO;
				GCC_WARN_64_TO_32_BIT_CONVERSION = YES;
				GCC_WARN_ABOUT_RETURN_TYPE = YES_ERROR;
				GCC_WARN_UNDECLARED_SELECTOR = YES;
				GCC_WARN_UNINITIALIZED_AUTOS = YES_AGGRESSIVE;
				GCC_WARN_UNUSED_FUNCTION = YES;
				GCC_WARN_UNUSED_VARIABLE = YES;
				IPHONEOS_DEPLOYMENT_TARGET = 8.1;
				MTL_ENABLE_DEBUG_INFO = YES;
				ONLY_ACTIVE_ARCH = YES;
				SDKROOT = iphoneos;
			};
			name = Debug;
		};
		7014E8C21A5ECA070094EC52 /* Release */ = {
			isa = XCBuildConfiguration;
			buildSettings = {
				ALWAYS_SEARCH_USER_PATHS = NO;
				CLANG_CXX_LANGUAGE_STANDARD = "gnu++0x";
				CLANG_CXX_LIBRARY = "libc++";
				CLANG_ENABLE_MODULES = YES;
				CLANG_ENABLE_OBJC_ARC = YES;
				CLANG_WARN_BOOL_CONVERSION = YES;
				CLANG_WARN_CONSTANT_CONVERSION = YES;
				CLANG_WARN_DIRECT_OBJC_ISA_USAGE = YES_ERROR;
				CLANG_WARN_EMPTY_BODY = YES;
				CLANG_WARN_ENUM_CONVERSION = YES;
				CLANG_WARN_INT_CONVERSION = YES;
				CLANG_WARN_OBJC_ROOT_CLASS = YES_ERROR;
				CLANG_WARN_UNREACHABLE_CODE = YES;
				CLANG_WARN__DUPLICATE_METHOD_MATCH = YES;
				"CODE_SIGN_IDENTITY[sdk=iphoneos*]" = "iPhone Developer";
				COPY_PHASE_STRIP = YES;
				ENABLE_NS_ASSERTIONS = NO;
				ENABLE_STRICT_OBJC_MSGSEND = YES;
				GCC_C_LANGUAGE_STANDARD = gnu99;
				GCC_WARN_64_TO_32_BIT_CONVERSION = YES;
				GCC_WARN_ABOUT_RETURN_TYPE = YES_ERROR;
				GCC_WARN_UNDECLARED_SELECTOR = YES;
				GCC_WARN_UNINITIALIZED_AUTOS = YES_AGGRESSIVE;
				GCC_WARN_UNUSED_FUNCTION = YES;
				GCC_WARN_UNUSED_VARIABLE = YES;
				IPHONEOS_DEPLOYMENT_TARGET = 8.1;
				MTL_ENABLE_DEBUG_INFO = NO;
				SDKROOT = iphoneos;
				VALIDATE_PRODUCT = YES;
			};
			name = Release;
		};
		7014E8C41A5ECA070094EC52 /* Debug */ = {
			isa = XCBuildConfiguration;
			buildSettings = {
				ASSETCATALOG_COMPILER_APPICON_NAME = AppIcon;
				INFOPLIST_FILE = GithubFriends/Info.plist;
				LD_RUNPATH_SEARCH_PATHS = "$(inherited) @executable_path/Frameworks";
				PRODUCT_NAME = "$(TARGET_NAME)";
			};
			name = Debug;
		};
		7014E8C51A5ECA070094EC52 /* Release */ = {
			isa = XCBuildConfiguration;
			buildSettings = {
				ASSETCATALOG_COMPILER_APPICON_NAME = AppIcon;
				INFOPLIST_FILE = GithubFriends/Info.plist;
				LD_RUNPATH_SEARCH_PATHS = "$(inherited) @executable_path/Frameworks";
				PRODUCT_NAME = "$(TARGET_NAME)";
			};
			name = Release;
		};
		7014E8C71A5ECA070094EC52 /* Debug */ = {
			isa = XCBuildConfiguration;
			buildSettings = {
				BUNDLE_LOADER = "$(TEST_HOST)";
				FRAMEWORK_SEARCH_PATHS = (
					"$(SDKROOT)/Developer/Library/Frameworks",
					"$(inherited)",
				);
				GCC_PREPROCESSOR_DEFINITIONS = (
					"DEBUG=1",
					"$(inherited)",
				);
				INFOPLIST_FILE = GithubFriendsTests/Info.plist;
				LD_RUNPATH_SEARCH_PATHS = "$(inherited) @executable_path/Frameworks @loader_path/Frameworks";
				PRODUCT_NAME = "$(TARGET_NAME)";
				TEST_HOST = "$(BUILT_PRODUCTS_DIR)/GithubFriends.app/GithubFriends";
			};
			name = Debug;
		};
		7014E8C81A5ECA070094EC52 /* Release */ = {
			isa = XCBuildConfiguration;
			buildSettings = {
				BUNDLE_LOADER = "$(TEST_HOST)";
				FRAMEWORK_SEARCH_PATHS = (
					"$(SDKROOT)/Developer/Library/Frameworks",
					"$(inherited)",
				);
				INFOPLIST_FILE = GithubFriendsTests/Info.plist;
				LD_RUNPATH_SEARCH_PATHS = "$(inherited) @executable_path/Frameworks @loader_path/Frameworks";
				PRODUCT_NAME = "$(TARGET_NAME)";
				TEST_HOST = "$(BUILT_PRODUCTS_DIR)/GithubFriends.app/GithubFriends";
			};
			name = Release;
		};
/* End XCBuildConfiguration section */

/* Begin XCConfigurationList section */
		7014E89B1A5ECA070094EC52 /* Build configuration list for PBXProject "GithubFriends" */ = {
			isa = XCConfigurationList;
			buildConfigurations = (
				7014E8C11A5ECA070094EC52 /* Debug */,
				7014E8C21A5ECA070094EC52 /* Release */,
			);
			defaultConfigurationIsVisible = 0;
			defaultConfigurationName = Release;
		};
		7014E8C31A5ECA070094EC52 /* Build configuration list for PBXNativeTarget "GithubFriends" */ = {
			isa = XCConfigurationList;
			buildConfigurations = (
				7014E8C41A5ECA070094EC52 /* Debug */,
				7014E8C51A5ECA070094EC52 /* Release */,
			);
			defaultConfigurationIsVisible = 0;
		};
		7014E8C61A5ECA070094EC52 /* Build configuration list for PBXNativeTarget "GithubFriendsTests" */ = {
			isa = XCConfigurationList;
			buildConfigurations = (
				7014E8C71A5ECA070094EC52 /* Debug */,
				7014E8C81A5ECA070094EC52 /* Release */,
			);
			defaultConfigurationIsVisible = 0;
		};
/* End XCConfigurationList section */
	};
	rootObject = 7014E8981A5ECA070094EC52 /* Project object */;
}
