// !$*UTF8*$!
{
	archiveVersion = 1;
	classes = {
	};
	objectVersion = 46;
	objects = {

/* Begin PBXBuildFile section */
		708427951A65A1FD00D583CC /* main.m in Sources */ = {isa = PBXBuildFile; fileRef = 708427941A65A1FD00D583CC /* main.m */; };
		708427981A65A1FD00D583CC /* AppDelegate.m in Sources */ = {isa = PBXBuildFile; fileRef = 708427971A65A1FD00D583CC /* AppDelegate.m */; };
		7084279B1A65A1FD00D583CC /* ViewController.m in Sources */ = {isa = PBXBuildFile; fileRef = 7084279A1A65A1FD00D583CC /* ViewController.m */; };
		7084279E1A65A1FD00D583CC /* Main.storyboard in Resources */ = {isa = PBXBuildFile; fileRef = 7084279C1A65A1FD00D583CC /* Main.storyboard */; };
		708427A01A65A1FD00D583CC /* Images.xcassets in Resources */ = {isa = PBXBuildFile; fileRef = 7084279F1A65A1FD00D583CC /* Images.xcassets */; };
		708427A31A65A1FD00D583CC /* LaunchScreen.xib in Resources */ = {isa = PBXBuildFile; fileRef = 708427A11A65A1FD00D583CC /* LaunchScreen.xib */; };
		708427AF1A65A1FD00D583CC /* SpeakingTests.m in Sources */ = {isa = PBXBuildFile; fileRef = 708427AE1A65A1FD00D583CC /* SpeakingTests.m */; };
		708427BA1A65A2EE00D583CC /* MyView.m in Sources */ = {isa = PBXBuildFile; fileRef = 708427B91A65A2EE00D583CC /* MyView.m */; };
		708427BD1A65B37900D583CC /* Human.m in Sources */ = {isa = PBXBuildFile; fileRef = 708427BC1A65B37900D583CC /* Human.m */; };
		708427C01A65B38D00D583CC /* Robot.m in Sources */ = {isa = PBXBuildFile; fileRef = 708427BF1A65B38D00D583CC /* Robot.m */; };
/* End PBXBuildFile section */

/* Begin PBXContainerItemProxy section */
		708427A91A65A1FD00D583CC /* PBXContainerItemProxy */ = {
			isa = PBXContainerItemProxy;
			containerPortal = 708427871A65A1FD00D583CC /* Project object */;
			proxyType = 1;
			remoteGlobalIDString = 7084278E1A65A1FD00D583CC;
			remoteInfo = Speaking;
		};
/* End PBXContainerItemProxy section */

/* Begin PBXFileReference section */
		7084278F1A65A1FD00D583CC /* Speaking.app */ = {isa = PBXFileReference; explicitFileType = wrapper.application; includeInIndex = 0; path = Speaking.app; sourceTree = BUILT_PRODUCTS_DIR; };
		708427931A65A1FD00D583CC /* Info.plist */ = {isa = PBXFileReference; lastKnownFileType = text.plist.xml; path = Info.plist; sourceTree = "<group>"; };
		708427941A65A1FD00D583CC /* main.m */ = {isa = PBXFileReference; lastKnownFileType = sourcecode.c.objc; path = main.m; sourceTree = "<group>"; };
		708427961A65A1FD00D583CC /* AppDelegate.h */ = {isa = PBXFileReference; lastKnownFileType = sourcecode.c.h; path = AppDelegate.h; sourceTree = "<group>"; };
		708427971A65A1FD00D583CC /* AppDelegate.m */ = {isa = PBXFileReference; lastKnownFileType = sourcecode.c.objc; path = AppDelegate.m; sourceTree = "<group>"; };
		708427991A65A1FD00D583CC /* ViewController.h */ = {isa = PBXFileReference; lastKnownFileType = sourcecode.c.h; path = ViewController.h; sourceTree = "<group>"; };
		7084279A1A65A1FD00D583CC /* ViewController.m */ = {isa = PBXFileReference; lastKnownFileType = sourcecode.c.objc; path = ViewController.m; sourceTree = "<group>"; };
		7084279D1A65A1FD00D583CC /* Base */ = {isa = PBXFileReference; lastKnownFileType = file.storyboard; name = Base; path = Base.lproj/Main.storyboard; sourceTree = "<group>"; };
		7084279F1A65A1FD00D583CC /* Images.xcassets */ = {isa = PBXFileReference; lastKnownFileType = folder.assetcatalog; path = Images.xcassets; sourceTree = "<group>"; };
		708427A21A65A1FD00D583CC /* Base */ = {isa = PBXFileReference; lastKnownFileType = file.xib; name = Base; path = Base.lproj/LaunchScreen.xib; sourceTree = "<group>"; };
		708427A81A65A1FD00D583CC /* SpeakingTests.xctest */ = {isa = PBXFileReference; explicitFileType = wrapper.cfbundle; includeInIndex = 0; path = SpeakingTests.xctest; sourceTree = BUILT_PRODUCTS_DIR; };
		708427AD1A65A1FD00D583CC /* Info.plist */ = {isa = PBXFileReference; lastKnownFileType = text.plist.xml; path = Info.plist; sourceTree = "<group>"; };
		708427AE1A65A1FD00D583CC /* SpeakingTests.m */ = {isa = PBXFileReference; lastKnownFileType = sourcecode.c.objc; path = SpeakingTests.m; sourceTree = "<group>"; };
		708427B81A65A2EE00D583CC /* MyView.h */ = {isa = PBXFileReference; fileEncoding = 4; lastKnownFileType = sourcecode.c.h; path = MyView.h; sourceTree = "<group>"; };
		708427B91A65A2EE00D583CC /* MyView.m */ = {isa = PBXFileReference; fileEncoding = 4; lastKnownFileType = sourcecode.c.objc; path = MyView.m; sourceTree = "<group>"; };
		708427BB1A65B37900D583CC /* Human.h */ = {isa = PBXFileReference; fileEncoding = 4; lastKnownFileType = sourcecode.c.h; path = Human.h; sourceTree = "<group>"; };
		708427BC1A65B37900D583CC /* Human.m */ = {isa = PBXFileReference; fileEncoding = 4; lastKnownFileType = sourcecode.c.objc; path = Human.m; sourceTree = "<group>"; };
		708427BE1A65B38D00D583CC /* Robot.h */ = {isa = PBXFileReference; fileEncoding = 4; lastKnownFileType = sourcecode.c.h; path = Robot.h; sourceTree = "<group>"; };
		708427BF1A65B38D00D583CC /* Robot.m */ = {isa = PBXFileReference; fileEncoding = 4; lastKnownFileType = sourcecode.c.objc; path = Robot.m; sourceTree = "<group>"; };
/* End PBXFileReference section */

/* Begin PBXFrameworksBuildPhase section */
		7084278C1A65A1FD00D583CC /* Frameworks */ = {
			isa = PBXFrameworksBuildPhase;
			buildActionMask = 2147483647;
			files = (
			);
			runOnlyForDeploymentPostprocessing = 0;
		};
		708427A51A65A1FD00D583CC /* Frameworks */ = {
			isa = PBXFrameworksBuildPhase;
			buildActionMask = 2147483647;
			files = (
			);
			runOnlyForDeploymentPostprocessing = 0;
		};
/* End PBXFrameworksBuildPhase section */

/* Begin PBXGroup section */
		708427861A65A1FD00D583CC = {
			isa = PBXGroup;
			children = (
				708427911A65A1FD00D583CC /* Speaking */,
				708427AB1A65A1FD00D583CC /* SpeakingTests */,
				708427901A65A1FD00D583CC /* Products */,
			);
			sourceTree = "<group>";
		};
		708427901A65A1FD00D583CC /* Products */ = {
			isa = PBXGroup;
			children = (
				7084278F1A65A1FD00D583CC /* Speaking.app */,
				708427A81A65A1FD00D583CC /* SpeakingTests.xctest */,
			);
			name = Products;
			sourceTree = "<group>";
		};
		708427911A65A1FD00D583CC /* Speaking */ = {
			isa = PBXGroup;
			children = (
				708427961A65A1FD00D583CC /* AppDelegate.h */,
				708427971A65A1FD00D583CC /* AppDelegate.m */,
				708427BB1A65B37900D583CC /* Human.h */,
				708427BC1A65B37900D583CC /* Human.m */,
				708427BE1A65B38D00D583CC /* Robot.h */,
				708427BF1A65B38D00D583CC /* Robot.m */,
				708427991A65A1FD00D583CC /* ViewController.h */,
				7084279A1A65A1FD00D583CC /* ViewController.m */,
				708427B81A65A2EE00D583CC /* MyView.h */,
				708427B91A65A2EE00D583CC /* MyView.m */,
				7084279C1A65A1FD00D583CC /* Main.storyboard */,
				7084279F1A65A1FD00D583CC /* Images.xcassets */,
				708427A11A65A1FD00D583CC /* LaunchScreen.xib */,
				708427921A65A1FD00D583CC /* Supporting Files */,
			);
			path = Speaking;
			sourceTree = "<group>";
		};
		708427921A65A1FD00D583CC /* Supporting Files */ = {
			isa = PBXGroup;
			children = (
				708427931A65A1FD00D583CC /* Info.plist */,
				708427941A65A1FD00D583CC /* main.m */,
			);
			name = "Supporting Files";
			sourceTree = "<group>";
		};
		708427AB1A65A1FD00D583CC /* SpeakingTests */ = {
			isa = PBXGroup;
			children = (
				708427AE1A65A1FD00D583CC /* SpeakingTests.m */,
				708427AC1A65A1FD00D583CC /* Supporting Files */,
			);
			path = SpeakingTests;
			sourceTree = "<group>";
		};
		708427AC1A65A1FD00D583CC /* Supporting Files */ = {
			isa = PBXGroup;
			children = (
				708427AD1A65A1FD00D583CC /* Info.plist */,
			);
			name = "Supporting Files";
			sourceTree = "<group>";
		};
/* End PBXGroup section */

/* Begin PBXNativeTarget section */
		7084278E1A65A1FD00D583CC /* Speaking */ = {
			isa = PBXNativeTarget;
			buildConfigurationList = 708427B21A65A1FD00D583CC /* Build configuration list for PBXNativeTarget "Speaking" */;
			buildPhases = (
				7084278B1A65A1FD00D583CC /* Sources */,
				7084278C1A65A1FD00D583CC /* Frameworks */,
				7084278D1A65A1FD00D583CC /* Resources */,
			);
			buildRules = (
			);
			dependencies = (
			);
			name = Speaking;
			productName = Speaking;
			productReference = 7084278F1A65A1FD00D583CC /* Speaking.app */;
			productType = "com.apple.product-type.application";
		};
		708427A71A65A1FD00D583CC /* SpeakingTests */ = {
			isa = PBXNativeTarget;
			buildConfigurationList = 708427B51A65A1FD00D583CC /* Build configuration list for PBXNativeTarget "SpeakingTests" */;
			buildPhases = (
				708427A41A65A1FD00D583CC /* Sources */,
				708427A51A65A1FD00D583CC /* Frameworks */,
				708427A61A65A1FD00D583CC /* Resources */,
			);
			buildRules = (
			);
			dependencies = (
				708427AA1A65A1FD00D583CC /* PBXTargetDependency */,
			);
			name = SpeakingTests;
			productName = SpeakingTests;
			productReference = 708427A81A65A1FD00D583CC /* SpeakingTests.xctest */;
			productType = "com.apple.product-type.bundle.unit-test";
		};
/* End PBXNativeTarget section */

/* Begin PBXProject section */
		708427871A65A1FD00D583CC /* Project object */ = {
			isa = PBXProject;
			attributes = {
				LastUpgradeCheck = 0610;
				ORGANIZATIONNAME = "Jeanie House";
				TargetAttributes = {
					7084278E1A65A1FD00D583CC = {
						CreatedOnToolsVersion = 6.1.1;
					};
					708427A71A65A1FD00D583CC = {
						CreatedOnToolsVersion = 6.1.1;
						TestTargetID = 7084278E1A65A1FD00D583CC;
					};
				};
			};
			buildConfigurationList = 7084278A1A65A1FD00D583CC /* Build configuration list for PBXProject "Speaking" */;
			compatibilityVersion = "Xcode 3.2";
			developmentRegion = English;
			hasScannedForEncodings = 0;
			knownRegions = (
				en,
				Base,
			);
			mainGroup = 708427861A65A1FD00D583CC;
			productRefGroup = 708427901A65A1FD00D583CC /* Products */;
			projectDirPath = "";
			projectRoot = "";
			targets = (
				7084278E1A65A1FD00D583CC /* Speaking */,
				708427A71A65A1FD00D583CC /* SpeakingTests */,
			);
		};
/* End PBXProject section */

/* Begin PBXResourcesBuildPhase section */
		7084278D1A65A1FD00D583CC /* Resources */ = {
			isa = PBXResourcesBuildPhase;
			buildActionMask = 2147483647;
			files = (
				7084279E1A65A1FD00D583CC /* Main.storyboard in Resources */,
				708427A31A65A1FD00D583CC /* LaunchScreen.xib in Resources */,
				708427A01A65A1FD00D583CC /* Images.xcassets in Resources */,
			);
			runOnlyForDeploymentPostprocessing = 0;
		};
		708427A61A65A1FD00D583CC /* Resources */ = {
			isa = PBXResourcesBuildPhase;
			buildActionMask = 2147483647;
			files = (
			);
			runOnlyForDeploymentPostprocessing = 0;
		};
/* End PBXResourcesBuildPhase section */

/* Begin PBXSourcesBuildPhase section */
		7084278B1A65A1FD00D583CC /* Sources */ = {
			isa = PBXSourcesBuildPhase;
			buildActionMask = 2147483647;
			files = (
				708427C01A65B38D00D583CC /* Robot.m in Sources */,
				708427BA1A65A2EE00D583CC /* MyView.m in Sources */,
				7084279B1A65A1FD00D583CC /* ViewController.m in Sources */,
				708427BD1A65B37900D583CC /* Human.m in Sources */,
				708427981A65A1FD00D583CC /* AppDelegate.m in Sources */,
				708427951A65A1FD00D583CC /* main.m in Sources */,
			);
			runOnlyForDeploymentPostprocessing = 0;
		};
		708427A41A65A1FD00D583CC /* Sources */ = {
			isa = PBXSourcesBuildPhase;
			buildActionMask = 2147483647;
			files = (
				708427AF1A65A1FD00D583CC /* SpeakingTests.m in Sources */,
			);
			runOnlyForDeploymentPostprocessing = 0;
		};
/* End PBXSourcesBuildPhase section */

/* Begin PBXTargetDependency section */
		708427AA1A65A1FD00D583CC /* PBXTargetDependency */ = {
			isa = PBXTargetDependency;
			target = 7084278E1A65A1FD00D583CC /* Speaking */;
			targetProxy = 708427A91A65A1FD00D583CC /* PBXContainerItemProxy */;
		};
/* End PBXTargetDependency section */

/* Begin PBXVariantGroup section */
		7084279C1A65A1FD00D583CC /* Main.storyboard */ = {
			isa = PBXVariantGroup;
			children = (
				7084279D1A65A1FD00D583CC /* Base */,
			);
			name = Main.storyboard;
			sourceTree = "<group>";
		};
		708427A11A65A1FD00D583CC /* LaunchScreen.xib */ = {
			isa = PBXVariantGroup;
			children = (
				708427A21A65A1FD00D583CC /* Base */,
			);
			name = LaunchScreen.xib;
			sourceTree = "<group>";
		};
/* End PBXVariantGroup section */

/* Begin XCBuildConfiguration section */
		708427B01A65A1FD00D583CC /* Debug */ = {
			isa = XCBuildConfiguration;
			buildSettings = {
				ALWAYS_SEARCH_USER_PATHS = NO;
				CLANG_CXX_LANGUAGE_STANDARD = "gnu++0x";
				CLANG_CXX_LIBRARY = "libc++";
				CLANG_ENABLE_MODULES = YES;
				CLANG_ENABLE_OBJC_ARC = YES;
				CLANG_WARN_BOOL_CONVERSION = YES;
				CLANG_WARN_CONSTANT_CONVERSION = YES;
				CLANG_WARN_DIRECT_OBJC_ISA_USAGE = YES_ERROR;
				CLANG_WARN_EMPTY_BODY = YES;
				CLANG_WARN_ENUM_CONVERSION = YES;
				CLANG_WARN_INT_CONVERSION = YES;
				CLANG_WARN_OBJC_ROOT_CLASS = YES_ERROR;
				CLANG_WARN_UNREACHABLE_CODE = YES;
				CLANG_WARN__DUPLICATE_METHOD_MATCH = YES;
				"CODE_SIGN_IDENTITY[sdk=iphoneos*]" = "iPhone Developer";
				COPY_PHASE_STRIP = NO;
				ENABLE_STRICT_OBJC_MSGSEND = YES;
				GCC_C_LANGUAGE_STANDARD = gnu99;
				GCC_DYNAMIC_NO_PIC = NO;
				GCC_OPTIMIZATION_LEVEL = 0;
				GCC_PREPROCESSOR_DEFINITIONS = (
					"DEBUG=1",
					"$(inherited)",
				);
				GCC_SYMBOLS_PRIVATE_EXTERN = NO;
				GCC_WARN_64_TO_32_BIT_CONVERSION = YES;
				GCC_WARN_ABOUT_RETURN_TYPE = YES_ERROR;
				GCC_WARN_UNDECLARED_SELECTOR = YES;
				GCC_WARN_UNINITIALIZED_AUTOS = YES_AGGRESSIVE;
				GCC_WARN_UNUSED_FUNCTION = YES;
				GCC_WARN_UNUSED_VARIABLE = YES;
				IPHONEOS_DEPLOYMENT_TARGET = 8.1;
				MTL_ENABLE_DEBUG_INFO = YES;
				ONLY_ACTIVE_ARCH = YES;
				SDKROOT = iphoneos;
			};
			name = Debug;
		};
		708427B11A65A1FD00D583CC /* Release */ = {
			isa = XCBuildConfiguration;
			buildSettings = {
				ALWAYS_SEARCH_USER_PATHS = NO;
				CLANG_CXX_LANGUAGE_STANDARD = "gnu++0x";
				CLANG_CXX_LIBRARY = "libc++";
				CLANG_ENABLE_MODULES = YES;
				CLANG_ENABLE_OBJC_ARC = YES;
				CLANG_WARN_BOOL_CONVERSION = YES;
				CLANG_WARN_CONSTANT_CONVERSION = YES;
				CLANG_WARN_DIRECT_OBJC_ISA_USAGE = YES_ERROR;
				CLANG_WARN_EMPTY_BODY = YES;
				CLANG_WARN_ENUM_CONVERSION = YES;
				CLANG_WARN_INT_CONVERSION = YES;
				CLANG_WARN_OBJC_ROOT_CLASS = YES_ERROR;
				CLANG_WARN_UNREACHABLE_CODE = YES;
				CLANG_WARN__DUPLICATE_METHOD_MATCH = YES;
				"CODE_SIGN_IDENTITY[sdk=iphoneos*]" = "iPhone Developer";
				COPY_PHASE_STRIP = YES;
				ENABLE_NS_ASSERTIONS = NO;
				ENABLE_STRICT_OBJC_MSGSEND = YES;
				GCC_C_LANGUAGE_STANDARD = gnu99;
				GCC_WARN_64_TO_32_BIT_CONVERSION = YES;
				GCC_WARN_ABOUT_RETURN_TYPE = YES_ERROR;
				GCC_WARN_UNDECLARED_SELECTOR = YES;
				GCC_WARN_UNINITIALIZED_AUTOS = YES_AGGRESSIVE;
				GCC_WARN_UNUSED_FUNCTION = YES;
				GCC_WARN_UNUSED_VARIABLE = YES;
				IPHONEOS_DEPLOYMENT_TARGET = 8.1;
				MTL_ENABLE_DEBUG_INFO = NO;
				SDKROOT = iphoneos;
				VALIDATE_PRODUCT = YES;
			};
			name = Release;
		};
		708427B31A65A1FD00D583CC /* Debug */ = {
			isa = XCBuildConfiguration;
			buildSettings = {
				ASSETCATALOG_COMPILER_APPICON_NAME = AppIcon;
				INFOPLIST_FILE = Speaking/Info.plist;
				LD_RUNPATH_SEARCH_PATHS = "$(inherited) @executable_path/Frameworks";
				PRODUCT_NAME = "$(TARGET_NAME)";
			};
			name = Debug;
		};
		708427B41A65A1FD00D583CC /* Release */ = {
			isa = XCBuildConfiguration;
			buildSettings = {
				ASSETCATALOG_COMPILER_APPICON_NAME = AppIcon;
				INFOPLIST_FILE = Speaking/Info.plist;
				LD_RUNPATH_SEARCH_PATHS = "$(inherited) @executable_path/Frameworks";
				PRODUCT_NAME = "$(TARGET_NAME)";
			};
			name = Release;
		};
		708427B61A65A1FD00D583CC /* Debug */ = {
			isa = XCBuildConfiguration;
			buildSettings = {
				BUNDLE_LOADER = "$(TEST_HOST)";
				FRAMEWORK_SEARCH_PATHS = (
					"$(SDKROOT)/Developer/Library/Frameworks",
					"$(inherited)",
				);
				GCC_PREPROCESSOR_DEFINITIONS = (
					"DEBUG=1",
					"$(inherited)",
				);
				INFOPLIST_FILE = SpeakingTests/Info.plist;
				LD_RUNPATH_SEARCH_PATHS = "$(inherited) @executable_path/Frameworks @loader_path/Frameworks";
				PRODUCT_NAME = "$(TARGET_NAME)";
				TEST_HOST = "$(BUILT_PRODUCTS_DIR)/Speaking.app/Speaking";
			};
			name = Debug;
		};
		708427B71A65A1FD00D583CC /* Release */ = {
			isa = XCBuildConfiguration;
			buildSettings = {
				BUNDLE_LOADER = "$(TEST_HOST)";
				FRAMEWORK_SEARCH_PATHS = (
					"$(SDKROOT)/Developer/Library/Frameworks",
					"$(inherited)",
				);
				INFOPLIST_FILE = SpeakingTests/Info.plist;
				LD_RUNPATH_SEARCH_PATHS = "$(inherited) @executable_path/Frameworks @loader_path/Frameworks";
				PRODUCT_NAME = "$(TARGET_NAME)";
				TEST_HOST = "$(BUILT_PRODUCTS_DIR)/Speaking.app/Speaking";
			};
			name = Release;
		};
/* End XCBuildConfiguration section */

/* Begin XCConfigurationList section */
		7084278A1A65A1FD00D583CC /* Build configuration list for PBXProject "Speaking" */ = {
			isa = XCConfigurationList;
			buildConfigurations = (
				708427B01A65A1FD00D583CC /* Debug */,
				708427B11A65A1FD00D583CC /* Release */,
			);
			defaultConfigurationIsVisible = 0;
			defaultConfigurationName = Release;
		};
		708427B21A65A1FD00D583CC /* Build configuration list for PBXNativeTarget "Speaking" */ = {
			isa = XCConfigurationList;
			buildConfigurations = (
				708427B31A65A1FD00D583CC /* Debug */,
				708427B41A65A1FD00D583CC /* Release */,
			);
			defaultConfigurationIsVisible = 0;
		};
		708427B51A65A1FD00D583CC /* Build configuration list for PBXNativeTarget "SpeakingTests" */ = {
			isa = XCConfigurationList;
			buildConfigurations = (
				708427B61A65A1FD00D583CC /* Debug */,
				708427B71A65A1FD00D583CC /* Release */,
			);
			defaultConfigurationIsVisible = 0;
		};
/* End XCConfigurationList section */
	};
	rootObject = 708427871A65A1FD00D583CC /* Project object */;
}
